
Microsoft Visual Studio Solution File, Format Version 12.00
# Visual Studio Version 17
VisualStudioVersion = 17.6.33723.286
MinimumVisualStudioVersion = 10.0.40219.1
Project("{FAE04EC0-301F-11D3-BF4B-00C04F79EFBC}") = "Login", "Login\Login.csproj", "{F0ECA211-9C92-428E-B426-9DB8A50857C9}"
EndProject
Global
	GlobalSection(SolutionConfigurationPlatforms) = preSolution
		Debug|Any CPU = Debug|Any CPU
		Release|Any CPU = Release|Any CPU
	EndGlobalSection
	GlobalSection(ProjectConfigurationPlatforms) = postSolution
		{F0ECA211-9C92-428E-B426-9DB8A50857C9}.Debug|Any CPU.ActiveCfg = Debug|Any CPU
		{F0ECA211-9C92-428E-B426-9DB8A50857C9}.Debug|Any CPU.Build.0 = Debug|Any CPU
		{F0ECA211-9C92-428E-B426-9DB8A50857C9}.Release|Any CPU.ActiveCfg = Release|Any CPU
		{F0ECA211-9C92-428E-B426-9DB8A50857C9}.Release|Any CPU.Build.0 = Release|Any CPU
	EndGlobalSection
	GlobalSection(SolutionProperties) = preSolution
		HideSolutionNode = FALSE
	EndGlobalSection
	GlobalSection(ExtensibilityGlobals) = postSolution
		SolutionGuid = {27F5285E-912A-4400-83D6-5CAFF8836366}
	EndGlobalSection
EndGlobal
